// !$*UTF8*$!
{
	archiveVersion = 1;
	classes = {
	};
	objectVersion = 46;
	objects = {

/* Begin PBXBuildFile section */
		7A453DF1A6DEFAFD8C2407A7 /* Pods_ImageMemoryGameUITests.framework in Frameworks */ = {isa = PBXBuildFile; fileRef = A02772C8385517BDA5E05471 /* Pods_ImageMemoryGameUITests.framework */; };
		7D7CA04F6EA8420BDFF3E473 /* Pods_ImageMemoryGame.framework in Frameworks */ = {isa = PBXBuildFile; fileRef = 31229CA697B228685D011EAD /* Pods_ImageMemoryGame.framework */; };
		B946B34C1E879254009F9520 /* AppDelegate.swift in Sources */ = {isa = PBXBuildFile; fileRef = B946B34B1E879254009F9520 /* AppDelegate.swift */; };
		B946B3511E879254009F9520 /* Main.storyboard in Resources */ = {isa = PBXBuildFile; fileRef = B946B34F1E879254009F9520 /* Main.storyboard */; };
		B946B3531E879254009F9520 /* Assets.xcassets in Resources */ = {isa = PBXBuildFile; fileRef = B946B3521E879254009F9520 /* Assets.xcassets */; };
		B946B3561E879254009F9520 /* LaunchScreen.storyboard in Resources */ = {isa = PBXBuildFile; fileRef = B946B3541E879254009F9520 /* LaunchScreen.storyboard */; };
		B946B3611E879254009F9520 /* ImageMemoryGameTests.swift in Sources */ = {isa = PBXBuildFile; fileRef = B946B3601E879254009F9520 /* ImageMemoryGameTests.swift */; };
		B946B36C1E879254009F9520 /* ImageMemoryGameUITests.swift in Sources */ = {isa = PBXBuildFile; fileRef = B946B36B1E879254009F9520 /* ImageMemoryGameUITests.swift */; };
		B946B37A1E87E175009F9520 /* MemoryGameViewController.swift in Sources */ = {isa = PBXBuildFile; fileRef = B946B3791E87E175009F9520 /* MemoryGameViewController.swift */; };
		B946B37C1E87E1AF009F9520 /* ImageCell.swift in Sources */ = {isa = PBXBuildFile; fileRef = B946B37B1E87E1AF009F9520 /* ImageCell.swift */; };
		B946B37E1E87E1DB009F9520 /* FlickrAPIClient.swift in Sources */ = {isa = PBXBuildFile; fileRef = B946B37D1E87E1DB009F9520 /* FlickrAPIClient.swift */; };
		B946B3801E87E1F9009F9520 /* MemoryGameViewModel.swift in Sources */ = {isa = PBXBuildFile; fileRef = B946B37F1E87E1F9009F9520 /* MemoryGameViewModel.swift */; };
		B946B3871E87E232009F9520 /* Constants.swift in Sources */ = {isa = PBXBuildFile; fileRef = B946B3861E87E232009F9520 /* Constants.swift */; };
		B946B38A1E87F7A1009F9520 /* Image.swift in Sources */ = {isa = PBXBuildFile; fileRef = B946B3891E87F7A1009F9520 /* Image.swift */; };
		B946B38D1E8803C8009F9520 /* JSONDecodable.swift in Sources */ = {isa = PBXBuildFile; fileRef = B946B38C1E8803C8009F9520 /* JSONDecodable.swift */; };
		B9EA1E151E88D897000DEE92 /* MemoryGameDataProvider.swift in Sources */ = {isa = PBXBuildFile; fileRef = B9EA1E141E88D897000DEE92 /* MemoryGameDataProvider.swift */; };
		B9EA1E1A1E890A6C000DEE92 /* UIView+Extension.swift in Sources */ = {isa = PBXBuildFile; fileRef = B9EA1E191E890A6C000DEE92 /* UIView+Extension.swift */; };
		F3A6C93A665DC0FD427DCBD1 /* Pods_ImageMemoryGameTests.framework in Frameworks */ = {isa = PBXBuildFile; fileRef = 30504BBD5044ADA4674CB271 /* Pods_ImageMemoryGameTests.framework */; };
/* End PBXBuildFile section */

/* Begin PBXContainerItemProxy section */
		B946B35D1E879254009F9520 /* PBXContainerItemProxy */ = {
			isa = PBXContainerItemProxy;
			containerPortal = B946B3401E879254009F9520 /* Project object */;
			proxyType = 1;
			remoteGlobalIDString = B946B3471E879254009F9520;
			remoteInfo = ImageMemoryGame;
		};
		B946B3681E879254009F9520 /* PBXContainerItemProxy */ = {
			isa = PBXContainerItemProxy;
			containerPortal = B946B3401E879254009F9520 /* Project object */;
			proxyType = 1;
			remoteGlobalIDString = B946B3471E879254009F9520;
			remoteInfo = ImageMemoryGame;
		};
/* End PBXContainerItemProxy section */

/* Begin PBXFileReference section */
		30504BBD5044ADA4674CB271 /* Pods_ImageMemoryGameTests.framework */ = {isa = PBXFileReference; explicitFileType = wrapper.framework; includeInIndex = 0; path = Pods_ImageMemoryGameTests.framework; sourceTree = BUILT_PRODUCTS_DIR; };
		31229CA697B228685D011EAD /* Pods_ImageMemoryGame.framework */ = {isa = PBXFileReference; explicitFileType = wrapper.framework; includeInIndex = 0; path = Pods_ImageMemoryGame.framework; sourceTree = BUILT_PRODUCTS_DIR; };
		48171699A684D51B70C935D9 /* Pods-ImageMemoryGame.debug.xcconfig */ = {isa = PBXFileReference; includeInIndex = 1; lastKnownFileType = text.xcconfig; name = "Pods-ImageMemoryGame.debug.xcconfig"; path = "Pods/Target Support Files/Pods-ImageMemoryGame/Pods-ImageMemoryGame.debug.xcconfig"; sourceTree = "<group>"; };
		895F1C969CA5C1620D0EA4DF /* Pods-ImageMemoryGameUITests.release.xcconfig */ = {isa = PBXFileReference; includeInIndex = 1; lastKnownFileType = text.xcconfig; name = "Pods-ImageMemoryGameUITests.release.xcconfig"; path = "Pods/Target Support Files/Pods-ImageMemoryGameUITests/Pods-ImageMemoryGameUITests.release.xcconfig"; sourceTree = "<group>"; };
		8BEDB12926116F62FEBD848E /* Pods-ImageMemoryGameTests.debug.xcconfig */ = {isa = PBXFileReference; includeInIndex = 1; lastKnownFileType = text.xcconfig; name = "Pods-ImageMemoryGameTests.debug.xcconfig"; path = "Pods/Target Support Files/Pods-ImageMemoryGameTests/Pods-ImageMemoryGameTests.debug.xcconfig"; sourceTree = "<group>"; };
		A02772C8385517BDA5E05471 /* Pods_ImageMemoryGameUITests.framework */ = {isa = PBXFileReference; explicitFileType = wrapper.framework; includeInIndex = 0; path = Pods_ImageMemoryGameUITests.framework; sourceTree = BUILT_PRODUCTS_DIR; };
		A10055F3B97C4E3F99B699A6 /* Pods-ImageMemoryGameUITests.debug.xcconfig */ = {isa = PBXFileReference; includeInIndex = 1; lastKnownFileType = text.xcconfig; name = "Pods-ImageMemoryGameUITests.debug.xcconfig"; path = "Pods/Target Support Files/Pods-ImageMemoryGameUITests/Pods-ImageMemoryGameUITests.debug.xcconfig"; sourceTree = "<group>"; };
		B946B3481E879254009F9520 /* ImageMemoryGame.app */ = {isa = PBXFileReference; explicitFileType = wrapper.application; includeInIndex = 0; path = ImageMemoryGame.app; sourceTree = BUILT_PRODUCTS_DIR; };
		B946B34B1E879254009F9520 /* AppDelegate.swift */ = {isa = PBXFileReference; lastKnownFileType = sourcecode.swift; path = AppDelegate.swift; sourceTree = "<group>"; };
		B946B3501E879254009F9520 /* Base */ = {isa = PBXFileReference; lastKnownFileType = file.storyboard; name = Base; path = Base.lproj/Main.storyboard; sourceTree = "<group>"; };
		B946B3521E879254009F9520 /* Assets.xcassets */ = {isa = PBXFileReference; lastKnownFileType = folder.assetcatalog; path = Assets.xcassets; sourceTree = "<group>"; };
		B946B3551E879254009F9520 /* Base */ = {isa = PBXFileReference; lastKnownFileType = file.storyboard; name = Base; path = Base.lproj/LaunchScreen.storyboard; sourceTree = "<group>"; };
		B946B3571E879254009F9520 /* Info.plist */ = {isa = PBXFileReference; lastKnownFileType = text.plist.xml; path = Info.plist; sourceTree = "<group>"; };
		B946B35C1E879254009F9520 /* ImageMemoryGameTests.xctest */ = {isa = PBXFileReference; explicitFileType = wrapper.cfbundle; includeInIndex = 0; path = ImageMemoryGameTests.xctest; sourceTree = BUILT_PRODUCTS_DIR; };
		B946B3601E879254009F9520 /* ImageMemoryGameTests.swift */ = {isa = PBXFileReference; lastKnownFileType = sourcecode.swift; path = ImageMemoryGameTests.swift; sourceTree = "<group>"; };
		B946B3621E879254009F9520 /* Info.plist */ = {isa = PBXFileReference; lastKnownFileType = text.plist.xml; path = Info.plist; sourceTree = "<group>"; };
		B946B3671E879254009F9520 /* ImageMemoryGameUITests.xctest */ = {isa = PBXFileReference; explicitFileType = wrapper.cfbundle; includeInIndex = 0; path = ImageMemoryGameUITests.xctest; sourceTree = BUILT_PRODUCTS_DIR; };
		B946B36B1E879254009F9520 /* ImageMemoryGameUITests.swift */ = {isa = PBXFileReference; lastKnownFileType = sourcecode.swift; path = ImageMemoryGameUITests.swift; sourceTree = "<group>"; };
		B946B36D1E879254009F9520 /* Info.plist */ = {isa = PBXFileReference; lastKnownFileType = text.plist.xml; path = Info.plist; sourceTree = "<group>"; };
		B946B3791E87E175009F9520 /* MemoryGameViewController.swift */ = {isa = PBXFileReference; fileEncoding = 4; lastKnownFileType = sourcecode.swift; name = MemoryGameViewController.swift; path = Controller/MemoryGameViewController.swift; sourceTree = "<group>"; };
		B946B37B1E87E1AF009F9520 /* ImageCell.swift */ = {isa = PBXFileReference; fileEncoding = 4; lastKnownFileType = sourcecode.swift; name = ImageCell.swift; path = View/ImageCell.swift; sourceTree = "<group>"; };
		B946B37D1E87E1DB009F9520 /* FlickrAPIClient.swift */ = {isa = PBXFileReference; fileEncoding = 4; lastKnownFileType = sourcecode.swift; name = FlickrAPIClient.swift; path = Networking/FlickrAPIClient.swift; sourceTree = "<group>"; };
		B946B37F1E87E1F9009F9520 /* MemoryGameViewModel.swift */ = {isa = PBXFileReference; fileEncoding = 4; lastKnownFileType = sourcecode.swift; name = MemoryGameViewModel.swift; path = ViewModel/MemoryGameViewModel.swift; sourceTree = "<group>"; };
		B946B3861E87E232009F9520 /* Constants.swift */ = {isa = PBXFileReference; fileEncoding = 4; lastKnownFileType = sourcecode.swift; name = Constants.swift; path = Constants/Constants.swift; sourceTree = "<group>"; };
		B946B3891E87F7A1009F9520 /* Image.swift */ = {isa = PBXFileReference; fileEncoding = 4; lastKnownFileType = sourcecode.swift; name = Image.swift; path = Model/Image.swift; sourceTree = "<group>"; };
		B946B38C1E8803C8009F9520 /* JSONDecodable.swift */ = {isa = PBXFileReference; fileEncoding = 4; lastKnownFileType = sourcecode.swift; name = JSONDecodable.swift; path = Protocol/JSONDecodable.swift; sourceTree = "<group>"; };
		B9EA1E141E88D897000DEE92 /* MemoryGameDataProvider.swift */ = {isa = PBXFileReference; fileEncoding = 4; lastKnownFileType = sourcecode.swift; name = MemoryGameDataProvider.swift; path = Protocol/MemoryGameDataProvider.swift; sourceTree = "<group>"; };
		B9EA1E191E890A6C000DEE92 /* UIView+Extension.swift */ = {isa = PBXFileReference; fileEncoding = 4; lastKnownFileType = sourcecode.swift; name = "UIView+Extension.swift"; path = "Extension/UIView+Extension.swift"; sourceTree = "<group>"; };
		D34F1E34D666BBC57BB46935 /* Pods-ImageMemoryGame.release.xcconfig */ = {isa = PBXFileReference; includeInIndex = 1; lastKnownFileType = text.xcconfig; name = "Pods-ImageMemoryGame.release.xcconfig"; path = "Pods/Target Support Files/Pods-ImageMemoryGame/Pods-ImageMemoryGame.release.xcconfig"; sourceTree = "<group>"; };
		DDFCFA06498114A56CF44A16 /* Pods-ImageMemoryGameTests.release.xcconfig */ = {isa = PBXFileReference; includeInIndex = 1; lastKnownFileType = text.xcconfig; name = "Pods-ImageMemoryGameTests.release.xcconfig"; path = "Pods/Target Support Files/Pods-ImageMemoryGameTests/Pods-ImageMemoryGameTests.release.xcconfig"; sourceTree = "<group>"; };
/* End PBXFileReference section */

/* Begin PBXFrameworksBuildPhase section */
		B946B3451E879254009F9520 /* Frameworks */ = {
			isa = PBXFrameworksBuildPhase;
			buildActionMask = 2147483647;
			files = (
				7D7CA04F6EA8420BDFF3E473 /* Pods_ImageMemoryGame.framework in Frameworks */,
			);
			runOnlyForDeploymentPostprocessing = 0;
		};
		B946B3591E879254009F9520 /* Frameworks */ = {
			isa = PBXFrameworksBuildPhase;
			buildActionMask = 2147483647;
			files = (
				F3A6C93A665DC0FD427DCBD1 /* Pods_ImageMemoryGameTests.framework in Frameworks */,
			);
			runOnlyForDeploymentPostprocessing = 0;
		};
		B946B3641E879254009F9520 /* Frameworks */ = {
			isa = PBXFrameworksBuildPhase;
			buildActionMask = 2147483647;
			files = (
				7A453DF1A6DEFAFD8C2407A7 /* Pods_ImageMemoryGameUITests.framework in Frameworks */,
			);
			runOnlyForDeploymentPostprocessing = 0;
		};
/* End PBXFrameworksBuildPhase section */

/* Begin PBXGroup section */
		2DB0FC589ECF61EE3D982A84 /* Frameworks */ = {
			isa = PBXGroup;
			children = (
				31229CA697B228685D011EAD /* Pods_ImageMemoryGame.framework */,
				30504BBD5044ADA4674CB271 /* Pods_ImageMemoryGameTests.framework */,
				A02772C8385517BDA5E05471 /* Pods_ImageMemoryGameUITests.framework */,
			);
			name = Frameworks;
			sourceTree = "<group>";
		};
		B946B33F1E879254009F9520 = {
			isa = PBXGroup;
			children = (
				B946B34A1E879254009F9520 /* ImageMemoryGame */,
				B946B35F1E879254009F9520 /* ImageMemoryGameTests */,
				B946B36A1E879254009F9520 /* ImageMemoryGameUITests */,
				B946B3491E879254009F9520 /* Products */,
				E0F7F13F54668B5520724D16 /* Pods */,
				2DB0FC589ECF61EE3D982A84 /* Frameworks */,
			);
			sourceTree = "<group>";
		};
		B946B3491E879254009F9520 /* Products */ = {
			isa = PBXGroup;
			children = (
				B946B3481E879254009F9520 /* ImageMemoryGame.app */,
				B946B35C1E879254009F9520 /* ImageMemoryGameTests.xctest */,
				B946B3671E879254009F9520 /* ImageMemoryGameUITests.xctest */,
			);
			name = Products;
			sourceTree = "<group>";
		};
		B946B34A1E879254009F9520 /* ImageMemoryGame */ = {
			isa = PBXGroup;
			children = (
				B9EA1E181E890A48000DEE92 /* Extension */,
				B946B38B1E880392009F9520 /* Protocol */,
				B946B3881E87F785009F9520 /* Model */,
				B946B34B1E879254009F9520 /* AppDelegate.swift */,
				B946B34F1E879254009F9520 /* Main.storyboard */,
				B946B3821E87E205009F9520 /* View */,
				B946B3831E87E20A009F9520 /* ViewModel */,
				B946B3811E87E1FD009F9520 /* Controller */,
				B946B3851E87E217009F9520 /* Constants */,
				B946B3841E87E211009F9520 /* Networking */,
				B946B3521E879254009F9520 /* Assets.xcassets */,
				B946B3541E879254009F9520 /* LaunchScreen.storyboard */,
				B946B3571E879254009F9520 /* Info.plist */,
			);
			path = ImageMemoryGame;
			sourceTree = "<group>";
		};
		B946B35F1E879254009F9520 /* ImageMemoryGameTests */ = {
			isa = PBXGroup;
			children = (
				B946B3601E879254009F9520 /* ImageMemoryGameTests.swift */,
				B946B3621E879254009F9520 /* Info.plist */,
			);
			path = ImageMemoryGameTests;
			sourceTree = "<group>";
		};
		B946B36A1E879254009F9520 /* ImageMemoryGameUITests */ = {
			isa = PBXGroup;
			children = (
				B946B36B1E879254009F9520 /* ImageMemoryGameUITests.swift */,
				B946B36D1E879254009F9520 /* Info.plist */,
			);
			path = ImageMemoryGameUITests;
			sourceTree = "<group>";
		};
		B946B3811E87E1FD009F9520 /* Controller */ = {
			isa = PBXGroup;
			children = (
				B946B3791E87E175009F9520 /* MemoryGameViewController.swift */,
			);
			name = Controller;
			sourceTree = "<group>";
		};
		B946B3821E87E205009F9520 /* View */ = {
			isa = PBXGroup;
			children = (
				B946B37B1E87E1AF009F9520 /* ImageCell.swift */,
			);
			name = View;
			sourceTree = "<group>";
		};
		B946B3831E87E20A009F9520 /* ViewModel */ = {
			isa = PBXGroup;
			children = (
				B946B37F1E87E1F9009F9520 /* MemoryGameViewModel.swift */,
			);
			name = ViewModel;
			sourceTree = "<group>";
		};
		B946B3841E87E211009F9520 /* Networking */ = {
			isa = PBXGroup;
			children = (
				B946B37D1E87E1DB009F9520 /* FlickrAPIClient.swift */,
			);
			name = Networking;
			sourceTree = "<group>";
		};
		B946B3851E87E217009F9520 /* Constants */ = {
			isa = PBXGroup;
			children = (
				B946B3861E87E232009F9520 /* Constants.swift */,
			);
			name = Constants;
			sourceTree = "<group>";
		};
		B946B3881E87F785009F9520 /* Model */ = {
			isa = PBXGroup;
			children = (
				B946B3891E87F7A1009F9520 /* Image.swift */,
			);
			name = Model;
			sourceTree = "<group>";
		};
		B946B38B1E880392009F9520 /* Protocol */ = {
			isa = PBXGroup;
			children = (
				B946B38C1E8803C8009F9520 /* JSONDecodable.swift */,
				B9EA1E141E88D897000DEE92 /* MemoryGameDataProvider.swift */,
			);
			name = Protocol;
			sourceTree = "<group>";
		};
		B9EA1E181E890A48000DEE92 /* Extension */ = {
			isa = PBXGroup;
			children = (
				B9EA1E191E890A6C000DEE92 /* UIView+Extension.swift */,
			);
			name = Extension;
			sourceTree = "<group>";
		};
		E0F7F13F54668B5520724D16 /* Pods */ = {
			isa = PBXGroup;
			children = (
				48171699A684D51B70C935D9 /* Pods-ImageMemoryGame.debug.xcconfig */,
				D34F1E34D666BBC57BB46935 /* Pods-ImageMemoryGame.release.xcconfig */,
				8BEDB12926116F62FEBD848E /* Pods-ImageMemoryGameTests.debug.xcconfig */,
				DDFCFA06498114A56CF44A16 /* Pods-ImageMemoryGameTests.release.xcconfig */,
				A10055F3B97C4E3F99B699A6 /* Pods-ImageMemoryGameUITests.debug.xcconfig */,
				895F1C969CA5C1620D0EA4DF /* Pods-ImageMemoryGameUITests.release.xcconfig */,
			);
			name = Pods;
			sourceTree = "<group>";
		};
/* End PBXGroup section */

/* Begin PBXNativeTarget section */
		B946B3471E879254009F9520 /* ImageMemoryGame */ = {
			isa = PBXNativeTarget;
			buildConfigurationList = B946B3701E879254009F9520 /* Build configuration list for PBXNativeTarget "ImageMemoryGame" */;
			buildPhases = (
				81978F9FD44C860F859B8407 /* [CP] Check Pods Manifest.lock */,
				B946B3441E879254009F9520 /* Sources */,
				B946B3451E879254009F9520 /* Frameworks */,
				B946B3461E879254009F9520 /* Resources */,
				D80656F9DBFC724C289176A2 /* [CP] Embed Pods Frameworks */,
				BB830B0ADDC18AADB22E8A03 /* [CP] Copy Pods Resources */,
			);
			buildRules = (
			);
			dependencies = (
			);
			name = ImageMemoryGame;
			productName = ImageMemoryGame;
			productReference = B946B3481E879254009F9520 /* ImageMemoryGame.app */;
			productType = "com.apple.product-type.application";
		};
		B946B35B1E879254009F9520 /* ImageMemoryGameTests */ = {
			isa = PBXNativeTarget;
			buildConfigurationList = B946B3731E879254009F9520 /* Build configuration list for PBXNativeTarget "ImageMemoryGameTests" */;
			buildPhases = (
				92D1A777AB7D85F41ECDBAA7 /* [CP] Check Pods Manifest.lock */,
				B946B3581E879254009F9520 /* Sources */,
				B946B3591E879254009F9520 /* Frameworks */,
				B946B35A1E879254009F9520 /* Resources */,
				A3BB6FF15E6E8D745D4AADE1 /* [CP] Embed Pods Frameworks */,
				AAE418569E5C03087A9BD41A /* [CP] Copy Pods Resources */,
			);
			buildRules = (
			);
			dependencies = (
				B946B35E1E879254009F9520 /* PBXTargetDependency */,
			);
			name = ImageMemoryGameTests;
			productName = ImageMemoryGameTests;
			productReference = B946B35C1E879254009F9520 /* ImageMemoryGameTests.xctest */;
			productType = "com.apple.product-type.bundle.unit-test";
		};
		B946B3661E879254009F9520 /* ImageMemoryGameUITests */ = {
			isa = PBXNativeTarget;
			buildConfigurationList = B946B3761E879254009F9520 /* Build configuration list for PBXNativeTarget "ImageMemoryGameUITests" */;
			buildPhases = (
				A11F3093049F91E93380F5DB /* [CP] Check Pods Manifest.lock */,
				B946B3631E879254009F9520 /* Sources */,
				B946B3641E879254009F9520 /* Frameworks */,
				B946B3651E879254009F9520 /* Resources */,
				CF61BFB0BE6A897252F27669 /* [CP] Embed Pods Frameworks */,
				F59209EA6ADFF2FF5579E4CC /* [CP] Copy Pods Resources */,
			);
			buildRules = (
			);
			dependencies = (
				B946B3691E879254009F9520 /* PBXTargetDependency */,
			);
			name = ImageMemoryGameUITests;
			productName = ImageMemoryGameUITests;
			productReference = B946B3671E879254009F9520 /* ImageMemoryGameUITests.xctest */;
			productType = "com.apple.product-type.bundle.ui-testing";
		};
/* End PBXNativeTarget section */

/* Begin PBXProject section */
		B946B3401E879254009F9520 /* Project object */ = {
			isa = PBXProject;
			attributes = {
				LastSwiftUpdateCheck = 0820;
				LastUpgradeCheck = 0820;
				ORGANIZATIONNAME = "Suhit Patil";
				TargetAttributes = {
					B946B3471E879254009F9520 = {
						CreatedOnToolsVersion = 8.2.1;
						ProvisioningStyle = Automatic;
					};
					B946B35B1E879254009F9520 = {
						CreatedOnToolsVersion = 8.2.1;
						ProvisioningStyle = Automatic;
						TestTargetID = B946B3471E879254009F9520;
					};
					B946B3661E879254009F9520 = {
						CreatedOnToolsVersion = 8.2.1;
						ProvisioningStyle = Automatic;
						TestTargetID = B946B3471E879254009F9520;
					};
				};
			};
			buildConfigurationList = B946B3431E879254009F9520 /* Build configuration list for PBXProject "ImageMemoryGame" */;
			compatibilityVersion = "Xcode 3.2";
			developmentRegion = English;
			hasScannedForEncodings = 0;
			knownRegions = (
				en,
				Base,
			);
			mainGroup = B946B33F1E879254009F9520;
			productRefGroup = B946B3491E879254009F9520 /* Products */;
			projectDirPath = "";
			projectRoot = "";
			targets = (
				B946B3471E879254009F9520 /* ImageMemoryGame */,
				B946B35B1E879254009F9520 /* ImageMemoryGameTests */,
				B946B3661E879254009F9520 /* ImageMemoryGameUITests */,
			);
		};
/* End PBXProject section */

/* Begin PBXResourcesBuildPhase section */
		B946B3461E879254009F9520 /* Resources */ = {
			isa = PBXResourcesBuildPhase;
			buildActionMask = 2147483647;
			files = (
				B946B3561E879254009F9520 /* LaunchScreen.storyboard in Resources */,
				B946B3531E879254009F9520 /* Assets.xcassets in Resources */,
				B946B3511E879254009F9520 /* Main.storyboard in Resources */,
			);
			runOnlyForDeploymentPostprocessing = 0;
		};
		B946B35A1E879254009F9520 /* Resources */ = {
			isa = PBXResourcesBuildPhase;
			buildActionMask = 2147483647;
			files = (
			);
			runOnlyForDeploymentPostprocessing = 0;
		};
		B946B3651E879254009F9520 /* Resources */ = {
			isa = PBXResourcesBuildPhase;
			buildActionMask = 2147483647;
			files = (
			);
			runOnlyForDeploymentPostprocessing = 0;
		};
/* End PBXResourcesBuildPhase section */

/* Begin PBXShellScriptBuildPhase section */
		81978F9FD44C860F859B8407 /* [CP] Check Pods Manifest.lock */ = {
			isa = PBXShellScriptBuildPhase;
			buildActionMask = 2147483647;
			files = (
			);
			inputPaths = (
			);
			name = "[CP] Check Pods Manifest.lock";
			outputPaths = (
			);
			runOnlyForDeploymentPostprocessing = 0;
			shellPath = /bin/sh;
			shellScript = "diff \"${PODS_ROOT}/../Podfile.lock\" \"${PODS_ROOT}/Manifest.lock\" > /dev/null\nif [ $? != 0 ] ; then\n    # print error to STDERR\n    echo \"error: The sandbox is not in sync with the Podfile.lock. Run 'pod install' or update your CocoaPods installation.\" >&2\n    exit 1\nfi\n";
			showEnvVarsInLog = 0;
		};
		92D1A777AB7D85F41ECDBAA7 /* [CP] Check Pods Manifest.lock */ = {
			isa = PBXShellScriptBuildPhase;
			buildActionMask = 2147483647;
			files = (
			);
			inputPaths = (
			);
			name = "[CP] Check Pods Manifest.lock";
			outputPaths = (
			);
			runOnlyForDeploymentPostprocessing = 0;
			shellPath = /bin/sh;
			shellScript = "diff \"${PODS_ROOT}/../Podfile.lock\" \"${PODS_ROOT}/Manifest.lock\" > /dev/null\nif [ $? != 0 ] ; then\n    # print error to STDERR\n    echo \"error: The sandbox is not in sync with the Podfile.lock. Run 'pod install' or update your CocoaPods installation.\" >&2\n    exit 1\nfi\n";
			showEnvVarsInLog = 0;
		};
		A11F3093049F91E93380F5DB /* [CP] Check Pods Manifest.lock */ = {
			isa = PBXShellScriptBuildPhase;
			buildActionMask = 2147483647;
			files = (
			);
			inputPaths = (
			);
			name = "[CP] Check Pods Manifest.lock";
			outputPaths = (
			);
			runOnlyForDeploymentPostprocessing = 0;
			shellPath = /bin/sh;
			shellScript = "diff \"${PODS_ROOT}/../Podfile.lock\" \"${PODS_ROOT}/Manifest.lock\" > /dev/null\nif [ $? != 0 ] ; then\n    # print error to STDERR\n    echo \"error: The sandbox is not in sync with the Podfile.lock. Run 'pod install' or update your CocoaPods installation.\" >&2\n    exit 1\nfi\n";
			showEnvVarsInLog = 0;
		};
		A3BB6FF15E6E8D745D4AADE1 /* [CP] Embed Pods Frameworks */ = {
			isa = PBXShellScriptBuildPhase;
			buildActionMask = 2147483647;
			files = (
			);
			inputPaths = (
			);
			name = "[CP] Embed Pods Frameworks";
			outputPaths = (
			);
			runOnlyForDeploymentPostprocessing = 0;
			shellPath = /bin/sh;
			shellScript = "\"${SRCROOT}/Pods/Target Support Files/Pods-ImageMemoryGameTests/Pods-ImageMemoryGameTests-frameworks.sh\"\n";
			showEnvVarsInLog = 0;
		};
		AAE418569E5C03087A9BD41A /* [CP] Copy Pods Resources */ = {
			isa = PBXShellScriptBuildPhase;
			buildActionMask = 2147483647;
			files = (
			);
			inputPaths = (
			);
			name = "[CP] Copy Pods Resources";
			outputPaths = (
			);
			runOnlyForDeploymentPostprocessing = 0;
			shellPath = /bin/sh;
			shellScript = "\"${SRCROOT}/Pods/Target Support Files/Pods-ImageMemoryGameTests/Pods-ImageMemoryGameTests-resources.sh\"\n";
			showEnvVarsInLog = 0;
		};
		BB830B0ADDC18AADB22E8A03 /* [CP] Copy Pods Resources */ = {
			isa = PBXShellScriptBuildPhase;
			buildActionMask = 2147483647;
			files = (
			);
			inputPaths = (
			);
			name = "[CP] Copy Pods Resources";
			outputPaths = (
			);
			runOnlyForDeploymentPostprocessing = 0;
			shellPath = /bin/sh;
			shellScript = "\"${SRCROOT}/Pods/Target Support Files/Pods-ImageMemoryGame/Pods-ImageMemoryGame-resources.sh\"\n";
			showEnvVarsInLog = 0;
		};
		CF61BFB0BE6A897252F27669 /* [CP] Embed Pods Frameworks */ = {
			isa = PBXShellScriptBuildPhase;
			buildActionMask = 2147483647;
			files = (
			);
			inputPaths = (
			);
			name = "[CP] Embed Pods Frameworks";
			outputPaths = (
			);
			runOnlyForDeploymentPostprocessing = 0;
			shellPath = /bin/sh;
			shellScript = "\"${SRCROOT}/Pods/Target Support Files/Pods-ImageMemoryGameUITests/Pods-ImageMemoryGameUITests-frameworks.sh\"\n";
			showEnvVarsInLog = 0;
		};
		D80656F9DBFC724C289176A2 /* [CP] Embed Pods Frameworks */ = {
			isa = PBXShellScriptBuildPhase;
			buildActionMask = 2147483647;
			files = (
			);
			inputPaths = (
			);
			name = "[CP] Embed Pods Frameworks";
			outputPaths = (
			);
			runOnlyForDeploymentPostprocessing = 0;
			shellPath = /bin/sh;
			shellScript = "\"${SRCROOT}/Pods/Target Support Files/Pods-ImageMemoryGame/Pods-ImageMemoryGame-frameworks.sh\"\n";
			showEnvVarsInLog = 0;
		};
		F59209EA6ADFF2FF5579E4CC /* [CP] Copy Pods Resources */ = {
			isa = PBXShellScriptBuildPhase;
			buildActionMask = 2147483647;
			files = (
			);
			inputPaths = (
			);
			name = "[CP] Copy Pods Resources";
			outputPaths = (
			);
			runOnlyForDeploymentPostprocessing = 0;
			shellPath = /bin/sh;
			shellScript = "\"${SRCROOT}/Pods/Target Support Files/Pods-ImageMemoryGameUITests/Pods-ImageMemoryGameUITests-resources.sh\"\n";
			showEnvVarsInLog = 0;
		};
/* End PBXShellScriptBuildPhase section */

/* Begin PBXSourcesBuildPhase section */
		B946B3441E879254009F9520 /* Sources */ = {
			isa = PBXSourcesBuildPhase;
			buildActionMask = 2147483647;
			files = (
				B946B38A1E87F7A1009F9520 /* Image.swift in Sources */,
				B9EA1E151E88D897000DEE92 /* MemoryGameDataProvider.swift in Sources */,
				B946B37E1E87E1DB009F9520 /* FlickrAPIClient.swift in Sources */,
				B946B34C1E879254009F9520 /* AppDelegate.swift in Sources */,
				B946B38D1E8803C8009F9520 /* JSONDecodable.swift in Sources */,
				B946B3801E87E1F9009F9520 /* MemoryGameViewModel.swift in Sources */,
				B946B37A1E87E175009F9520 /* MemoryGameViewController.swift in Sources */,
				B946B37C1E87E1AF009F9520 /* ImageCell.swift in Sources */,
				B9EA1E1A1E890A6C000DEE92 /* UIView+Extension.swift in Sources */,
				B946B3871E87E232009F9520 /* Constants.swift in Sources */,
			);
			runOnlyForDeploymentPostprocessing = 0;
		};
		B946B3581E879254009F9520 /* Sources */ = {
			isa = PBXSourcesBuildPhase;
			buildActionMask = 2147483647;
			files = (
				B946B3611E879254009F9520 /* ImageMemoryGameTests.swift in Sources */,
			);
			runOnlyForDeploymentPostprocessing = 0;
		};
		B946B3631E879254009F9520 /* Sources */ = {
			isa = PBXSourcesBuildPhase;
			buildActionMask = 2147483647;
			files = (
				B946B36C1E879254009F9520 /* ImageMemoryGameUITests.swift in Sources */,
			);
			runOnlyForDeploymentPostprocessing = 0;
		};
/* End PBXSourcesBuildPhase section */

/* Begin PBXTargetDependency section */
		B946B35E1E879254009F9520 /* PBXTargetDependency */ = {
			isa = PBXTargetDependency;
			target = B946B3471E879254009F9520 /* ImageMemoryGame */;
			targetProxy = B946B35D1E879254009F9520 /* PBXContainerItemProxy */;
		};
		B946B3691E879254009F9520 /* PBXTargetDependency */ = {
			isa = PBXTargetDependency;
			target = B946B3471E879254009F9520 /* ImageMemoryGame */;
			targetProxy = B946B3681E879254009F9520 /* PBXContainerItemProxy */;
		};
/* End PBXTargetDependency section */

/* Begin PBXVariantGroup section */
		B946B34F1E879254009F9520 /* Main.storyboard */ = {
			isa = PBXVariantGroup;
			children = (
				B946B3501E879254009F9520 /* Base */,
			);
			name = Main.storyboard;
			sourceTree = "<group>";
		};
		B946B3541E879254009F9520 /* LaunchScreen.storyboard */ = {
			isa = PBXVariantGroup;
			children = (
				B946B3551E879254009F9520 /* Base */,
			);
			name = LaunchScreen.storyboard;
			sourceTree = "<group>";
		};
/* End PBXVariantGroup section */

/* Begin XCBuildConfiguration section */
		B946B36E1E879254009F9520 /* Debug */ = {
			isa = XCBuildConfiguration;
			buildSettings = {
				ALWAYS_SEARCH_USER_PATHS = NO;
				CLANG_ANALYZER_NONNULL = YES;
				CLANG_CXX_LANGUAGE_STANDARD = "gnu++0x";
				CLANG_CXX_LIBRARY = "libc++";
				CLANG_ENABLE_MODULES = YES;
				CLANG_ENABLE_OBJC_ARC = YES;
				CLANG_WARN_BOOL_CONVERSION = YES;
				CLANG_WARN_CONSTANT_CONVERSION = YES;
				CLANG_WARN_DIRECT_OBJC_ISA_USAGE = YES_ERROR;
				CLANG_WARN_DOCUMENTATION_COMMENTS = YES;
				CLANG_WARN_EMPTY_BODY = YES;
				CLANG_WARN_ENUM_CONVERSION = YES;
				CLANG_WARN_INFINITE_RECURSION = YES;
				CLANG_WARN_INT_CONVERSION = YES;
				CLANG_WARN_OBJC_ROOT_CLASS = YES_ERROR;
				CLANG_WARN_SUSPICIOUS_MOVE = YES;
				CLANG_WARN_UNREACHABLE_CODE = YES;
				CLANG_WARN__DUPLICATE_METHOD_MATCH = YES;
				"CODE_SIGN_IDENTITY[sdk=iphoneos*]" = "iPhone Developer";
				COPY_PHASE_STRIP = NO;
				DEBUG_INFORMATION_FORMAT = dwarf;
				ENABLE_STRICT_OBJC_MSGSEND = YES;
				ENABLE_TESTABILITY = YES;
				GCC_C_LANGUAGE_STANDARD = gnu99;
				GCC_DYNAMIC_NO_PIC = NO;
				GCC_NO_COMMON_BLOCKS = YES;
				GCC_OPTIMIZATION_LEVEL = 0;
				GCC_PREPROCESSOR_DEFINITIONS = (
					"DEBUG=1",
					"$(inherited)",
				);
				GCC_WARN_64_TO_32_BIT_CONVERSION = YES;
				GCC_WARN_ABOUT_RETURN_TYPE = YES_ERROR;
				GCC_WARN_UNDECLARED_SELECTOR = YES;
				GCC_WARN_UNINITIALIZED_AUTOS = YES_AGGRESSIVE;
				GCC_WARN_UNUSED_FUNCTION = YES;
				GCC_WARN_UNUSED_VARIABLE = YES;
				IPHONEOS_DEPLOYMENT_TARGET = 10.2;
				MTL_ENABLE_DEBUG_INFO = YES;
				ONLY_ACTIVE_ARCH = YES;
				SDKROOT = iphoneos;
				SWIFT_ACTIVE_COMPILATION_CONDITIONS = DEBUG;
				SWIFT_OPTIMIZATION_LEVEL = "-Onone";
			};
			name = Debug;
		};
		B946B36F1E879254009F9520 /* Release */ = {
			isa = XCBuildConfiguration;
			buildSettings = {
				ALWAYS_SEARCH_USER_PATHS = NO;
				CLANG_ANALYZER_NONNULL = YES;
				CLANG_CXX_LANGUAGE_STANDARD = "gnu++0x";
				CLANG_CXX_LIBRARY = "libc++";
				CLANG_ENABLE_MODULES = YES;
				CLANG_ENABLE_OBJC_ARC = YES;
				CLANG_WARN_BOOL_CONVERSION = YES;
				CLANG_WARN_CONSTANT_CONVERSION = YES;
				CLANG_WARN_DIRECT_OBJC_ISA_USAGE = YES_ERROR;
				CLANG_WARN_DOCUMENTATION_COMMENTS = YES;
				CLANG_WARN_EMPTY_BODY = YES;
				CLANG_WARN_ENUM_CONVERSION = YES;
				CLANG_WARN_INFINITE_RECURSION = YES;
				CLANG_WARN_INT_CONVERSION = YES;
				CLANG_WARN_OBJC_ROOT_CLASS = YES_ERROR;
				CLANG_WARN_SUSPICIOUS_MOVE = YES;
				CLANG_WARN_UNREACHABLE_CODE = YES;
				CLANG_WARN__DUPLICATE_METHOD_MATCH = YES;
				"CODE_SIGN_IDENTITY[sdk=iphoneos*]" = "iPhone Developer";
				COPY_PHASE_STRIP = NO;
				DEBUG_INFORMATION_FORMAT = "dwarf-with-dsym";
				ENABLE_NS_ASSERTIONS = NO;
				ENABLE_STRICT_OBJC_MSGSEND = YES;
				GCC_C_LANGUAGE_STANDARD = gnu99;
				GCC_NO_COMMON_BLOCKS = YES;
				GCC_WARN_64_TO_32_BIT_CONVERSION = YES;
				GCC_WARN_ABOUT_RETURN_TYPE = YES_ERROR;
				GCC_WARN_UNDECLARED_SELECTOR = YES;
				GCC_WARN_UNINITIALIZED_AUTOS = YES_AGGRESSIVE;
				GCC_WARN_UNUSED_FUNCTION = YES;
				GCC_WARN_UNUSED_VARIABLE = YES;
				IPHONEOS_DEPLOYMENT_TARGET = 10.2;
				MTL_ENABLE_DEBUG_INFO = NO;
				SDKROOT = iphoneos;
				SWIFT_OPTIMIZATION_LEVEL = "-Owholemodule";
				VALIDATE_PRODUCT = YES;
			};
			name = Release;
		};
		B946B3711E879254009F9520 /* Debug */ = {
			isa = XCBuildConfiguration;
			baseConfigurationReference = 48171699A684D51B70C935D9 /* Pods-ImageMemoryGame.debug.xcconfig */;
			buildSettings = {
				ASSETCATALOG_COMPILER_APPICON_NAME = AppIcon;
				INFOPLIST_FILE = ImageMemoryGame/Info.plist;
				IPHONEOS_DEPLOYMENT_TARGET = 9.0;
				LD_RUNPATH_SEARCH_PATHS = "$(inherited) @executable_path/Frameworks";
				PRODUCT_BUNDLE_IDENTIFIER = com.suhit.ImageMemoryGame;
				PRODUCT_NAME = "$(TARGET_NAME)";
				SWIFT_VERSION = 3.0;
			};
			name = Debug;
		};
		B946B3721E879254009F9520 /* Release */ = {
			isa = XCBuildConfiguration;
			baseConfigurationReference = D34F1E34D666BBC57BB46935 /* Pods-ImageMemoryGame.release.xcconfig */;
			buildSettings = {
				ASSETCATALOG_COMPILER_APPICON_NAME = AppIcon;
				INFOPLIST_FILE = ImageMemoryGame/Info.plist;
				IPHONEOS_DEPLOYMENT_TARGET = 9.0;
				LD_RUNPATH_SEARCH_PATHS = "$(inherited) @executable_path/Frameworks";
				PRODUCT_BUNDLE_IDENTIFIER = com.suhit.ImageMemoryGame;
				PRODUCT_NAME = "$(TARGET_NAME)";
				SWIFT_VERSION = 3.0;
			};
			name = Release;
		};
		B946B3741E879254009F9520 /* Debug */ = {
			isa = XCBuildConfiguration;
			baseConfigurationReference = 8BEDB12926116F62FEBD848E /* Pods-ImageMemoryGameTests.debug.xcconfig */;
			buildSettings = {
				ALWAYS_EMBED_SWIFT_STANDARD_LIBRARIES = YES;
				BUNDLE_LOADER = "$(TEST_HOST)";
				INFOPLIST_FILE = ImageMemoryGameTests/Info.plist;
				LD_RUNPATH_SEARCH_PATHS = "$(inherited) @executable_path/Frameworks @loader_path/Frameworks";
				PRODUCT_BUNDLE_IDENTIFIER = com.suhit.ImageMemoryGameTests;
				PRODUCT_NAME = "$(TARGET_NAME)";
				SWIFT_VERSION = 3.0;
				TEST_HOST = "$(BUILT_PRODUCTS_DIR)/ImageMemoryGame.app/ImageMemoryGame";
			};
			name = Debug;
		};
		B946B3751E879254009F9520 /* Release */ = {
			isa = XCBuildConfiguration;
			baseConfigurationReference = DDFCFA06498114A56CF44A16 /* Pods-ImageMemoryGameTests.release.xcconfig */;
			buildSettings = {
				ALWAYS_EMBED_SWIFT_STANDARD_LIBRARIES = YES;
				BUNDLE_LOADER = "$(TEST_HOST)";
				INFOPLIST_FILE = ImageMemoryGameTests/Info.plist;
				LD_RUNPATH_SEARCH_PATHS = "$(inherited) @executable_path/Frameworks @loader_path/Frameworks";
				PRODUCT_BUNDLE_IDENTIFIER = com.suhit.ImageMemoryGameTests;
				PRODUCT_NAME = "$(TARGET_NAME)";
				SWIFT_VERSION = 3.0;
				TEST_HOST = "$(BUILT_PRODUCTS_DIR)/ImageMemoryGame.app/ImageMemoryGame";
			};
			name = Release;
		};
		B946B3771E879254009F9520 /* Debug */ = {
			isa = XCBuildConfiguration;
			baseConfigurationReference = A10055F3B97C4E3F99B699A6 /* Pods-ImageMemoryGameUITests.debug.xcconfig */;
			buildSettings = {
				ALWAYS_EMBED_SWIFT_STANDARD_LIBRARIES = YES;
				INFOPLIST_FILE = ImageMemoryGameUITests/Info.plist;
				LD_RUNPATH_SEARCH_PATHS = "$(inherited) @executable_path/Frameworks @loader_path/Frameworks";
				PRODUCT_BUNDLE_IDENTIFIER = com.suhit.ImageMemoryGameUITests;
				PRODUCT_NAME = "$(TARGET_NAME)";
				SWIFT_VERSION = 3.0;
				TEST_TARGET_NAME = ImageMemoryGame;
			};
			name = Debug;
		};
		B946B3781E879254009F9520 /* Release */ = {
			isa = XCBuildConfiguration;
			baseConfigurationReference = 895F1C969CA5C1620D0EA4DF /* Pods-ImageMemoryGameUITests.release.xcconfig */;
			buildSettings = {
				ALWAYS_EMBED_SWIFT_STANDARD_LIBRARIES = YES;
				INFOPLIST_FILE = ImageMemoryGameUITests/Info.plist;
				LD_RUNPATH_SEARCH_PATHS = "$(inherited) @executable_path/Frameworks @loader_path/Frameworks";
				PRODUCT_BUNDLE_IDENTIFIER = com.suhit.ImageMemoryGameUITests;
				PRODUCT_NAME = "$(TARGET_NAME)";
				SWIFT_VERSION = 3.0;
				TEST_TARGET_NAME = ImageMemoryGame;
			};
			name = Release;
		};
/* End XCBuildConfiguration section */

/* Begin XCConfigurationList section */
		B946B3431E879254009F9520 /* Build configuration list for PBXProject "ImageMemoryGame" */ = {
			isa = XCConfigurationList;
			buildConfigurations = (
				B946B36E1E879254009F9520 /* Debug */,
				B946B36F1E879254009F9520 /* Release */,
			);
			defaultConfigurationIsVisible = 0;
			defaultConfigurationName = Release;
		};
		B946B3701E879254009F9520 /* Build configuration list for PBXNativeTarget "ImageMemoryGame" */ = {
			isa = XCConfigurationList;
			buildConfigurations = (
				B946B3711E879254009F9520 /* Debug */,
				B946B3721E879254009F9520 /* Release */,
			);
			defaultConfigurationIsVisible = 0;
			defaultConfigurationName = Release;
		};
		B946B3731E879254009F9520 /* Build configuration list for PBXNativeTarget "ImageMemoryGameTests" */ = {
			isa = XCConfigurationList;
			buildConfigurations = (
				B946B3741E879254009F9520 /* Debug */,
				B946B3751E879254009F9520 /* Release */,
			);
			defaultConfigurationIsVisible = 0;
			defaultConfigurationName = Release;
		};
		B946B3761E879254009F9520 /* Build configuration list for PBXNativeTarget "ImageMemoryGameUITests" */ = {
			isa = XCConfigurationList;
			buildConfigurations = (
				B946B3771E879254009F9520 /* Debug */,
				B946B3781E879254009F9520 /* Release */,
			);
			defaultConfigurationIsVisible = 0;
			defaultConfigurationName = Release;
		};
/* End XCConfigurationList section */
	};
	rootObject = B946B3401E879254009F9520 /* Project object */;
}
